
Microsoft Visual Studio Solution File, Format Version 12.00
Project("{2150E333-8FDC-42A3-9474-1A3956D46DE8}") = "2 - Tests", "2 - Tests", "{60D5B3AC-C818-41D3-B7D1-AC6CD04074CB}"
EndProject
Project("{2150E333-8FDC-42A3-9474-1A3956D46DE8}") = "1 - API", "1 - API", "{3C0EA70B-88BE-4813-871D-AB934A2FE362}"
EndProject
Project("{FAE04EC0-301F-11D3-BF4B-00C04F79EFBC}") = "Customer.API", "src\Customer.API\Customer.API.csproj", "{4A24D91B-4487-48F6-8CC2-B8E143FDF30A}"
EndProject
Project("{FAE04EC0-301F-11D3-BF4B-00C04F79EFBC}") = "Customer.Application", "src\Customer.Application\Customer.Application.csproj", "{6B4DFD3F-971B-461B-BBB5-E363AF4FE6E4}"
EndProject
Project("{FAE04EC0-301F-11D3-BF4B-00C04F79EFBC}") = "Customer.Core", "src\Customer.Core\Customer.Core.csproj", "{BF155BE2-5545-4481-9A61-41090517A01E}"
EndProject
Project("{FAE04EC0-301F-11D3-BF4B-00C04F79EFBC}") = "Customer.Infra", "src\Customer.Infra\Customer.Infra.csproj", "{47644ACF-F0A3-40F2-A3D9-A6C3904887B1}"
EndProject
Project("{FAE04EC0-301F-11D3-BF4B-00C04F79EFBC}") = "Customer.API.Tests", "tests\Customer.API.Tests\Customer.API.Tests.csproj", "{AF8F622A-BBB0-4ADB-A1D9-3A271E6EF95F}"
EndProject
Project("{FAE04EC0-301F-11D3-BF4B-00C04F79EFBC}") = "Customer.Application.Tests", "tests\Customer.Application.Tests\Customer.Application.Tests.csproj", "{04E54433-89C7-41FE-9C37-88234DCC1B51}"
EndProject
Project("{FAE04EC0-301F-11D3-BF4B-00C04F79EFBC}") = "Customer.Infra.Tests", "tests\Customer.Infra.Tests\Customer.Infra.Tests.csproj", "{52001E49-B44F-4388-83EE-1B5941F44309}"
EndProject
Project("{FAE04EC0-301F-11D3-BF4B-00C04F79EFBC}") = "Customer.Core.Tests", "tests\Customer.Core.Tests\Customer.Core.Tests.csproj", "{660449E1-7F2A-403E-A25B-994D7B76BD04}"
EndProject
Global
	GlobalSection(SolutionConfigurationPlatforms) = preSolution
		Debug|Any CPU = Debug|Any CPU
		Release|Any CPU = Release|Any CPU
	EndGlobalSection
	GlobalSection(ProjectConfigurationPlatforms) = postSolution
		{4A24D91B-4487-48F6-8CC2-B8E143FDF30A}.Debug|Any CPU.ActiveCfg = Debug|Any CPU
		{4A24D91B-4487-48F6-8CC2-B8E143FDF30A}.Debug|Any CPU.Build.0 = Debug|Any CPU
		{4A24D91B-4487-48F6-8CC2-B8E143FDF30A}.Release|Any CPU.ActiveCfg = Release|Any CPU
		{4A24D91B-4487-48F6-8CC2-B8E143FDF30A}.Release|Any CPU.Build.0 = Release|Any CPU
		{6B4DFD3F-971B-461B-BBB5-E363AF4FE6E4}.Debug|Any CPU.ActiveCfg = Debug|Any CPU
		{6B4DFD3F-971B-461B-BBB5-E363AF4FE6E4}.Debug|Any CPU.Build.0 = Debug|Any CPU
		{6B4DFD3F-971B-461B-BBB5-E363AF4FE6E4}.Release|Any CPU.ActiveCfg = Release|Any CPU
		{6B4DFD3F-971B-461B-BBB5-E363AF4FE6E4}.Release|Any CPU.Build.0 = Release|Any CPU
		{BF155BE2-5545-4481-9A61-41090517A01E}.Debug|Any CPU.ActiveCfg = Debug|Any CPU
		{BF155BE2-5545-4481-9A61-41090517A01E}.Debug|Any CPU.Build.0 = Debug|Any CPU
		{BF155BE2-5545-4481-9A61-41090517A01E}.Release|Any CPU.ActiveCfg = Release|Any CPU
		{BF155BE2-5545-4481-9A61-41090517A01E}.Release|Any CPU.Build.0 = Release|Any CPU
		{47644ACF-F0A3-40F2-A3D9-A6C3904887B1}.Debug|Any CPU.ActiveCfg = Debug|Any CPU
		{47644ACF-F0A3-40F2-A3D9-A6C3904887B1}.Debug|Any CPU.Build.0 = Debug|Any CPU
		{47644ACF-F0A3-40F2-A3D9-A6C3904887B1}.Release|Any CPU.ActiveCfg = Release|Any CPU
		{47644ACF-F0A3-40F2-A3D9-A6C3904887B1}.Release|Any CPU.Build.0 = Release|Any CPU
		{AF8F622A-BBB0-4ADB-A1D9-3A271E6EF95F}.Debug|Any CPU.ActiveCfg = Debug|Any CPU
		{AF8F622A-BBB0-4ADB-A1D9-3A271E6EF95F}.Debug|Any CPU.Build.0 = Debug|Any CPU
		{AF8F622A-BBB0-4ADB-A1D9-3A271E6EF95F}.Release|Any CPU.ActiveCfg = Release|Any CPU
		{AF8F622A-BBB0-4ADB-A1D9-3A271E6EF95F}.Release|Any CPU.Build.0 = Release|Any CPU
		{04E54433-89C7-41FE-9C37-88234DCC1B51}.Debug|Any CPU.ActiveCfg = Debug|Any CPU
		{04E54433-89C7-41FE-9C37-88234DCC1B51}.Debug|Any CPU.Build.0 = Debug|Any CPU
		{04E54433-89C7-41FE-9C37-88234DCC1B51}.Release|Any CPU.ActiveCfg = Release|Any CPU
		{04E54433-89C7-41FE-9C37-88234DCC1B51}.Release|Any CPU.Build.0 = Release|Any CPU
		{52001E49-B44F-4388-83EE-1B5941F44309}.Debug|Any CPU.ActiveCfg = Debug|Any CPU
		{52001E49-B44F-4388-83EE-1B5941F44309}.Debug|Any CPU.Build.0 = Debug|Any CPU
		{52001E49-B44F-4388-83EE-1B5941F44309}.Release|Any CPU.ActiveCfg = Release|Any CPU
		{52001E49-B44F-4388-83EE-1B5941F44309}.Release|Any CPU.Build.0 = Release|Any CPU
		{660449E1-7F2A-403E-A25B-994D7B76BD04}.Debug|Any CPU.ActiveCfg = Debug|Any CPU
		{660449E1-7F2A-403E-A25B-994D7B76BD04}.Debug|Any CPU.Build.0 = Debug|Any CPU
		{660449E1-7F2A-403E-A25B-994D7B76BD04}.Release|Any CPU.ActiveCfg = Release|Any CPU
		{660449E1-7F2A-403E-A25B-994D7B76BD04}.Release|Any CPU.Build.0 = Release|Any CPU
	EndGlobalSection
	GlobalSection(NestedProjects) = preSolution
		{4A24D91B-4487-48F6-8CC2-B8E143FDF30A} = {3C0EA70B-88BE-4813-871D-AB934A2FE362}
		{6B4DFD3F-971B-461B-BBB5-E363AF4FE6E4} = {3C0EA70B-88BE-4813-871D-AB934A2FE362}
		{BF155BE2-5545-4481-9A61-41090517A01E} = {3C0EA70B-88BE-4813-871D-AB934A2FE362}
		{47644ACF-F0A3-40F2-A3D9-A6C3904887B1} = {3C0EA70B-88BE-4813-871D-AB934A2FE362}
		{AF8F622A-BBB0-4ADB-A1D9-3A271E6EF95F} = {60D5B3AC-C818-41D3-B7D1-AC6CD04074CB}
		{04E54433-89C7-41FE-9C37-88234DCC1B51} = {60D5B3AC-C818-41D3-B7D1-AC6CD04074CB}
		{52001E49-B44F-4388-83EE-1B5941F44309} = {60D5B3AC-C818-41D3-B7D1-AC6CD04074CB}
		{660449E1-7F2A-403E-A25B-994D7B76BD04} = {60D5B3AC-C818-41D3-B7D1-AC6CD04074CB}
	EndGlobalSection
EndGlobal
