
Microsoft Visual Studio Solution File, Format Version 12.00
Project("{FAE04EC0-301F-11D3-BF4B-00C04F79EFBC}") = "Customer.API", "..\src\Customer.API\Customer.API.csproj", "{4398E9FB-10D6-4D22-B271-2AEF41FE6368}"
EndProject
Project("{FAE04EC0-301F-11D3-BF4B-00C04F79EFBC}") = "Customer.Core", "..\src\Customer.Core\Customer.Core.csproj", "{9F6B2267-1661-48A6-BB42-76797580916E}"
EndProject
Project("{FAE04EC0-301F-11D3-BF4B-00C04F79EFBC}") = "Customer.Infra", "..\src\Customer.Infra\Customer.Infra.csproj", "{933B0CA9-3DA3-4387-B496-ABF5512B3283}"
EndProject
Project("{FAE04EC0-301F-11D3-BF4B-00C04F79EFBC}") = "Customer.Application", "..\src\Customer.Application\Customer.Application.csproj", "{15A8B640-9CBD-44B0-8A57-F2EED95A8963}"
EndProject
Project("{FAE04EC0-301F-11D3-BF4B-00C04F79EFBC}") = "Customer.API.Tests", "..\tests\Customer.API.Tests\Customer.API.Tests.csproj", "{11FF00A8-6F4E-4D2C-B8DF-06A240F70CEE}"
EndProject
Project("{FAE04EC0-301F-11D3-BF4B-00C04F79EFBC}") = "Customer.Core.Tests", "..\tests\Customer.Core.Tests\Customer.Core.Tests.csproj", "{7BA4D8CF-B77F-480A-9458-414BEB41F081}"
EndProject
Project("{FAE04EC0-301F-11D3-BF4B-00C04F79EFBC}") = "Customer.Infra.Tests", "..\tests\Customer.Infra.Tests\Customer.Infra.Tests.csproj", "{6F92A52E-AF10-411B-B0EF-3567FD875D81}"
EndProject
Project("{FAE04EC0-301F-11D3-BF4B-00C04F79EFBC}") = "Customer.Application.Tests", "..\tests\Customer.Application.Tests\Customer.Application.Tests.csproj", "{69D52593-3AB8-4C3E-BC8B-F9A7CFC6D665}"
EndProject
Project("{2150E333-8FDC-42A3-9474-1A3956D46DE8}") = "2 - Tests", "2 - Tests", "{60D5B3AC-C818-41D3-B7D1-AC6CD04074CB}"
EndProject
Project("{2150E333-8FDC-42A3-9474-1A3956D46DE8}") = "1 - API", "1 - API", "{3C0EA70B-88BE-4813-871D-AB934A2FE362}"
EndProject
Global
	GlobalSection(SolutionConfigurationPlatforms) = preSolution
		Debug|Any CPU = Debug|Any CPU
		Release|Any CPU = Release|Any CPU
	EndGlobalSection
	GlobalSection(ProjectConfigurationPlatforms) = postSolution
		{4398E9FB-10D6-4D22-B271-2AEF41FE6368}.Debug|Any CPU.ActiveCfg = Debug|Any CPU
		{4398E9FB-10D6-4D22-B271-2AEF41FE6368}.Debug|Any CPU.Build.0 = Debug|Any CPU
		{4398E9FB-10D6-4D22-B271-2AEF41FE6368}.Release|Any CPU.ActiveCfg = Release|Any CPU
		{4398E9FB-10D6-4D22-B271-2AEF41FE6368}.Release|Any CPU.Build.0 = Release|Any CPU
		{9F6B2267-1661-48A6-BB42-76797580916E}.Debug|Any CPU.ActiveCfg = Debug|Any CPU
		{9F6B2267-1661-48A6-BB42-76797580916E}.Debug|Any CPU.Build.0 = Debug|Any CPU
		{9F6B2267-1661-48A6-BB42-76797580916E}.Release|Any CPU.ActiveCfg = Release|Any CPU
		{9F6B2267-1661-48A6-BB42-76797580916E}.Release|Any CPU.Build.0 = Release|Any CPU
		{933B0CA9-3DA3-4387-B496-ABF5512B3283}.Debug|Any CPU.ActiveCfg = Debug|Any CPU
		{933B0CA9-3DA3-4387-B496-ABF5512B3283}.Debug|Any CPU.Build.0 = Debug|Any CPU
		{933B0CA9-3DA3-4387-B496-ABF5512B3283}.Release|Any CPU.ActiveCfg = Release|Any CPU
		{933B0CA9-3DA3-4387-B496-ABF5512B3283}.Release|Any CPU.Build.0 = Release|Any CPU
		{15A8B640-9CBD-44B0-8A57-F2EED95A8963}.Debug|Any CPU.ActiveCfg = Debug|Any CPU
		{15A8B640-9CBD-44B0-8A57-F2EED95A8963}.Debug|Any CPU.Build.0 = Debug|Any CPU
		{15A8B640-9CBD-44B0-8A57-F2EED95A8963}.Release|Any CPU.ActiveCfg = Release|Any CPU
		{15A8B640-9CBD-44B0-8A57-F2EED95A8963}.Release|Any CPU.Build.0 = Release|Any CPU
		{11FF00A8-6F4E-4D2C-B8DF-06A240F70CEE}.Debug|Any CPU.ActiveCfg = Debug|Any CPU
		{11FF00A8-6F4E-4D2C-B8DF-06A240F70CEE}.Debug|Any CPU.Build.0 = Debug|Any CPU
		{11FF00A8-6F4E-4D2C-B8DF-06A240F70CEE}.Release|Any CPU.ActiveCfg = Release|Any CPU
		{11FF00A8-6F4E-4D2C-B8DF-06A240F70CEE}.Release|Any CPU.Build.0 = Release|Any CPU
		{7BA4D8CF-B77F-480A-9458-414BEB41F081}.Debug|Any CPU.ActiveCfg = Debug|Any CPU
		{7BA4D8CF-B77F-480A-9458-414BEB41F081}.Debug|Any CPU.Build.0 = Debug|Any CPU
		{7BA4D8CF-B77F-480A-9458-414BEB41F081}.Release|Any CPU.ActiveCfg = Release|Any CPU
		{7BA4D8CF-B77F-480A-9458-414BEB41F081}.Release|Any CPU.Build.0 = Release|Any CPU
		{6F92A52E-AF10-411B-B0EF-3567FD875D81}.Debug|Any CPU.ActiveCfg = Debug|Any CPU
		{6F92A52E-AF10-411B-B0EF-3567FD875D81}.Debug|Any CPU.Build.0 = Debug|Any CPU
		{6F92A52E-AF10-411B-B0EF-3567FD875D81}.Release|Any CPU.ActiveCfg = Release|Any CPU
		{6F92A52E-AF10-411B-B0EF-3567FD875D81}.Release|Any CPU.Build.0 = Release|Any CPU
		{69D52593-3AB8-4C3E-BC8B-F9A7CFC6D665}.Debug|Any CPU.ActiveCfg = Debug|Any CPU
		{69D52593-3AB8-4C3E-BC8B-F9A7CFC6D665}.Debug|Any CPU.Build.0 = Debug|Any CPU
		{69D52593-3AB8-4C3E-BC8B-F9A7CFC6D665}.Release|Any CPU.ActiveCfg = Release|Any CPU
		{69D52593-3AB8-4C3E-BC8B-F9A7CFC6D665}.Release|Any CPU.Build.0 = Release|Any CPU
	EndGlobalSection
	GlobalSection(NestedProjects) = preSolution
		{11FF00A8-6F4E-4D2C-B8DF-06A240F70CEE} = {60D5B3AC-C818-41D3-B7D1-AC6CD04074CB}
		{69D52593-3AB8-4C3E-BC8B-F9A7CFC6D665} = {60D5B3AC-C818-41D3-B7D1-AC6CD04074CB}
		{6F92A52E-AF10-411B-B0EF-3567FD875D81} = {60D5B3AC-C818-41D3-B7D1-AC6CD04074CB}
		{7BA4D8CF-B77F-480A-9458-414BEB41F081} = {60D5B3AC-C818-41D3-B7D1-AC6CD04074CB}
		{4398E9FB-10D6-4D22-B271-2AEF41FE6368} = {3C0EA70B-88BE-4813-871D-AB934A2FE362}
		{15A8B640-9CBD-44B0-8A57-F2EED95A8963} = {3C0EA70B-88BE-4813-871D-AB934A2FE362}
		{9F6B2267-1661-48A6-BB42-76797580916E} = {3C0EA70B-88BE-4813-871D-AB934A2FE362}
		{933B0CA9-3DA3-4387-B496-ABF5512B3283} = {3C0EA70B-88BE-4813-871D-AB934A2FE362}
	EndGlobalSection
EndGlobal
